
Microsoft Visual Studio Solution File, Format Version 12.00
# Visual Studio Version 17
VisualStudioVersion = 17.4.33122.133
MinimumVisualStudioVersion = 10.0.40219.1
Project("{FAE04EC0-301F-11D3-BF4B-00C04F79EFBC}") = "Kamitom", "Kamitom\Kamitom.csproj", "{97249D56-51BD-43C9-8895-A2821535A22B}"
EndProject
Global
	GlobalSection(SolutionConfigurationPlatforms) = preSolution
		Debug|Any CPU = Debug|Any CPU
		Release|Any CPU = Release|Any CPU
	EndGlobalSection
	GlobalSection(ProjectConfigurationPlatforms) = postSolution
		{97249D56-51BD-43C9-8895-A2821535A22B}.Debug|Any CPU.ActiveCfg = Debug|Any CPU
		{97249D56-51BD-43C9-8895-A2821535A22B}.Debug|Any CPU.Build.0 = Debug|Any CPU
		{97249D56-51BD-43C9-8895-A2821535A22B}.Release|Any CPU.ActiveCfg = Release|Any CPU
		{97249D56-51BD-43C9-8895-A2821535A22B}.Release|Any CPU.Build.0 = Release|Any CPU
	EndGlobalSection
	GlobalSection(SolutionProperties) = preSolution
		HideSolutionNode = FALSE
	EndGlobalSection
	GlobalSection(ExtensibilityGlobals) = postSolution
		SolutionGuid = {63D90A88-4560-43D3-83EA-13702209DC95}
	EndGlobalSection
EndGlobal
